
Microsoft Visual Studio Solution File, Format Version 11.00
# Visual Studio 2010
Project("{FAE04EC0-301F-11D3-BF4B-00C04F79EFBC}") = "ServerGUI", "ServerGUI\ServerGUI.csproj", "{9217CF41-BCC5-4059-8B39-AAF283B23483}"
EndProject
Global
	GlobalSection(SolutionConfigurationPlatforms) = preSolution
		Debug|x86 = Debug|x86
		Release|x86 = Release|x86
	EndGlobalSection
	GlobalSection(ProjectConfigurationPlatforms) = postSolution
		{9217CF41-BCC5-4059-8B39-AAF283B23483}.Debug|x86.ActiveCfg = Debug|x86
		{9217CF41-BCC5-4059-8B39-AAF283B23483}.Debug|x86.Build.0 = Debug|x86
		{9217CF41-BCC5-4059-8B39-AAF283B23483}.Release|x86.ActiveCfg = Release|x86
		{9217CF41-BCC5-4059-8B39-AAF283B23483}.Release|x86.Build.0 = Release|x86
	EndGlobalSection
	GlobalSection(SolutionProperties) = preSolution
		HideSolutionNode = FALSE
	EndGlobalSection
EndGlobal
